
Microsoft Visual Studio Solution File, Format Version 12.00
# Blend for Visual Studio Version 17
VisualStudioVersion = 17.0.32112.339
MinimumVisualStudioVersion = 10.0.40219.1
Project("{9A19103F-16F7-4668-BE54-9A1E7A4F7556}") = "CustomControlsDemo", "CustomControlsDemo\CustomControlsDemo.csproj", "{472A0B9C-DF9F-4CEC-BA06-C2BE65D18731}"
EndProject
Project("{FAE04EC0-301F-11D3-BF4B-00C04F79EFBC}") = "CustomControls", "CustomControls\CustomControls.csproj", "{6A2A057E-DF56-4CD3-970A-F01E0430423B}"
EndProject
Global
	GlobalSection(SolutionConfigurationPlatforms) = preSolution
		Debug|Any CPU = Debug|Any CPU
		Release|Any CPU = Release|Any CPU
	EndGlobalSection
	GlobalSection(ProjectConfigurationPlatforms) = postSolution
		{472A0B9C-DF9F-4CEC-BA06-C2BE65D18731}.Debug|Any CPU.ActiveCfg = Debug|Any CPU
		{472A0B9C-DF9F-4CEC-BA06-C2BE65D18731}.Debug|Any CPU.Build.0 = Debug|Any CPU
		{472A0B9C-DF9F-4CEC-BA06-C2BE65D18731}.Release|Any CPU.ActiveCfg = Release|Any CPU
		{472A0B9C-DF9F-4CEC-BA06-C2BE65D18731}.Release|Any CPU.Build.0 = Release|Any CPU
		{6A2A057E-DF56-4CD3-970A-F01E0430423B}.Debug|Any CPU.ActiveCfg = Debug|Any CPU
		{6A2A057E-DF56-4CD3-970A-F01E0430423B}.Debug|Any CPU.Build.0 = Debug|Any CPU
		{6A2A057E-DF56-4CD3-970A-F01E0430423B}.Release|Any CPU.ActiveCfg = Release|Any CPU
		{6A2A057E-DF56-4CD3-970A-F01E0430423B}.Release|Any CPU.Build.0 = Release|Any CPU
	EndGlobalSection
	GlobalSection(SolutionProperties) = preSolution
		HideSolutionNode = FALSE
	EndGlobalSection
	GlobalSection(ExtensibilityGlobals) = postSolution
		SolutionGuid = {F099217D-0DFD-42A9-B82E-0A2BED8174C2}
	EndGlobalSection
EndGlobal
